
Microsoft Visual Studio Solution File, Format Version 12.00
# Visual Studio Version 17
VisualStudioVersion = 17.8.34408.163
MinimumVisualStudioVersion = 10.0.40219.1
Project("{FAE04EC0-301F-11D3-BF4B-00C04F79EFBC}") = "CRUD_ASP_MVC", "CRUD_ASP_MVC\CRUD_ASP_MVC.csproj", "{87629D9A-5E3D-4149-93D6-2A63967D0473}"
EndProject
Global
	GlobalSection(SolutionConfigurationPlatforms) = preSolution
		Debug|Any CPU = Debug|Any CPU
		Release|Any CPU = Release|Any CPU
	EndGlobalSection
	GlobalSection(ProjectConfigurationPlatforms) = postSolution
		{87629D9A-5E3D-4149-93D6-2A63967D0473}.Debug|Any CPU.ActiveCfg = Debug|Any CPU
		{87629D9A-5E3D-4149-93D6-2A63967D0473}.Debug|Any CPU.Build.0 = Debug|Any CPU
		{87629D9A-5E3D-4149-93D6-2A63967D0473}.Release|Any CPU.ActiveCfg = Release|Any CPU
		{87629D9A-5E3D-4149-93D6-2A63967D0473}.Release|Any CPU.Build.0 = Release|Any CPU
	EndGlobalSection
	GlobalSection(SolutionProperties) = preSolution
		HideSolutionNode = FALSE
	EndGlobalSection
	GlobalSection(ExtensibilityGlobals) = postSolution
		SolutionGuid = {A9877D48-5A40-4C22-8251-8A1D9F24046D}
	EndGlobalSection
EndGlobal
